{
  "name": "noop-starter",
  "version": "1.0.0",
  "lockfileVersion": 1,
  "requires": true,
  "dependencies": {
    "esbuild": {
      "version": "0.8.18",
      "resolved": "https://registry.npmjs.org/esbuild/-/esbuild-0.8.18.tgz",
      "integrity": "sha512-EPbCSr7Ems1loeoy1faUGnJOwTwSrGcoYVQ4f4T4JMKjxJxrWAg+zqXkZK7GvqxfvokPp3HV6Raqn6rqAuW7+Q==",
      "dev": true
    }
  }
}
